<?xml version="1.0" encoding="UTF-8" standalone="yes" ?>
<CodeBlocks_project_file>
	<FileVersion major="1" minor="6" />
	<Project>
		<Option title="Chip8" />
		<Option pch_mode="2" />
		<Option compiler="gcc" />
		<Option show_notes="1">
			<notes>
				<![CDATA[TODO :
- instruction FX0A
- support du son
- améliorer le logging/debugging (BOOST_LOG_TRIVIAL un peu... trivial)

ROADMAP : 
Prochaine milestone : support CHIP8 OK (comparaison avec d'autres émulateurs à l'appui)
- SuperChip8
- MegaChip8
]]>
			</notes>
		</Option>
		<Build>
			<Target title="Debug">
				<Option output="bin/Debug/Chip8" prefix_auto="1" extension_auto="1" />
				<Option working_dir="bin/Debug/" />
				<Option object_output="obj/Debug/" />
				<Option type="1" />
				<Option compiler="gcc" />
				<Option parameters="--rom=testrom.ch8" />
				<Compiler>
					<Add option="-g" />
					<Add option="-static-libgcc -static-libstdc++ -ggdb" />
				</Compiler>
				<Linker>
					<Add library="boost_system-mgw47-mt-sd-1_54" />
					<Add library="boost_chrono-mgw47-mt-sd-1_54" />
					<Add library="boost_date_time-mgw47-mt-sd-1_54" />
					<Add library="boost_thread-mgw47-mt-sd-1_54" />
					<Add library="boost_log-mgw47-mt-sd-1_54" />
					<Add library="boost_filesystem-mgw47-mt-sd-1_54" />
					<Add library="boost_program_options-mgw47-mt-sd-1_54" />
				</Linker>
			</Target>
			<Target title="Release">
				<Option output="bin/Release/Chip8" prefix_auto="1" extension_auto="1" />
				<Option working_dir="bin/Release/" />
				<Option object_output="obj/Release/" />
				<Option type="1" />
				<Option compiler="gcc" />
				<Option use_console_runner="0" />
				<Option parameters="--rom=trip8.ch8" />
				<Compiler>
					<Add option="-march=corei7-avx" />
					<Add option="-fexpensive-optimizations" />
					<Add option="-O3" />
					<Add option="-pg" />
				</Compiler>
				<Linker>
					<Add option="-pg -lgmon" />
					<Add library="boost_system-mgw47-mt-s-1_54" />
					<Add library="boost_chrono-mgw47-mt-s-1_54" />
					<Add library="boost_date_time-mgw47-mt-s-1_54" />
					<Add library="boost_thread-mgw47-mt-s-1_54" />
					<Add library="boost_log-mgw47-mt-s-1_54" />
					<Add library="boost_filesystem-mgw47-mt-s-1_54" />
					<Add library="boost_program_options-mgw47-mt-s-1_54" />
				</Linker>
			</Target>
		</Build>
		<Compiler>
			<Add option="-std=c++11" />
			<Add option="-Wall" />
			<Add directory="D:/MinGW/SDL-2.0/include/SDL2" />
			<Add directory="D:/MinGW/SDL-2.0/include" />
			<Add directory="include" />
			<Add directory="D:/Boost/include" />
		</Compiler>
		<Linker>
			<Add library="mingw32" />
			<Add library="SDL2main" />
			<Add library="SDL2.dll" />
			<Add directory="D:/MinGW/SDL-2.0/lib" />
			<Add directory="D:/Boost/lib" />
		</Linker>
		<Unit filename="include/Chip8.h" />
		<Unit filename="include/Chip8_Exception.h" />
		<Unit filename="include/Chip8_FileException.h" />
		<Unit filename="include/Chip8_InitError.h" />
		<Unit filename="include/Chip8_Typedefs.h" />
		<Unit filename="include/Chip8_UnknownOpcode.h" />
		<Unit filename="include/Dispatcher.h" />
		<Unit filename="src/Chip8.cpp" />
		<Unit filename="src/Chip8_Exception.cpp" />
		<Unit filename="src/Chip8_FileException.cpp" />
		<Unit filename="src/Chip8_InitError.cpp" />
		<Unit filename="src/Chip8_UnknownOpcode.cpp" />
		<Unit filename="src/Chip8_instructions.cpp" />
		<Unit filename="src/Dispatcher.cpp" />
		<Unit filename="src/main.cpp" />
		<Unit filename="version.h" />
		<Extensions>
			<code_completion />
			<envvars />
			<debugger />
			<lib_finder disable_auto="1" />
			<AutoVersioning>
				<Scheme minor_max="10" build_max="0" rev_max="0" rev_rand_max="10" build_times_to_increment_minor="100" />
				<Settings autoincrement="1" date_declarations="1" use_define="0" update_manifest="0" do_auto_increment="0" ask_to_increment="0" language="C++" svn="0" svn_directory="" header_path="version.h" />
				<Changes_Log show_changes_editor="0" app_title="released version %M.%m.%b of %p" changeslog_path="ChangesLog.txt" />
				<Code header_guard="VERSION_H" namespace="AutoVersion" prefix="" />
			</AutoVersioning>
		</Extensions>
	</Project>
</CodeBlocks_project_file>
